
Microsoft Visual Studio Solution File, Format Version 12.00
# Visual Studio Version 17
VisualStudioVersion = 17.7.34024.191
MinimumVisualStudioVersion = 10.0.40219.1
Project("{FAE04EC0-301F-11D3-BF4B-00C04F79EFBC}") = "FuncActionPredicateExamples", "FuncActionPredicateExamples.csproj", "{F105AD0A-B692-44EE-AAF7-8A6C14AC9A27}"
EndProject
Global
	GlobalSection(SolutionConfigurationPlatforms) = preSolution
		Debug|Any CPU = Debug|Any CPU
		Release|Any CPU = Release|Any CPU
	EndGlobalSection
	GlobalSection(ProjectConfigurationPlatforms) = postSolution
		{F105AD0A-B692-44EE-AAF7-8A6C14AC9A27}.Debug|Any CPU.ActiveCfg = Debug|Any CPU
		{F105AD0A-B692-44EE-AAF7-8A6C14AC9A27}.Debug|Any CPU.Build.0 = Debug|Any CPU
		{F105AD0A-B692-44EE-AAF7-8A6C14AC9A27}.Release|Any CPU.ActiveCfg = Release|Any CPU
		{F105AD0A-B692-44EE-AAF7-8A6C14AC9A27}.Release|Any CPU.Build.0 = Release|Any CPU
	EndGlobalSection
	GlobalSection(SolutionProperties) = preSolution
		HideSolutionNode = FALSE
	EndGlobalSection
	GlobalSection(ExtensibilityGlobals) = postSolution
		SolutionGuid = {49470ECA-3855-4BA2-8890-DD97080AE436}
	EndGlobalSection
EndGlobal
